
Microsoft Visual Studio Solution File, Format Version 12.00
# Visual Studio Version 17
VisualStudioVersion = 17.7.34024.191
MinimumVisualStudioVersion = 10.0.40219.1
Project("{FAE04EC0-301F-11D3-BF4B-00C04F79EFBC}") = "ModesAndStepsSolution", "ModesAndStepsSolution\ModesAndStepsSolution.csproj", "{38E96578-2375-48CE-B88C-CF7B88FD07CD}"
EndProject
Global
	GlobalSection(SolutionConfigurationPlatforms) = preSolution
		Debug|Any CPU = Debug|Any CPU
		Release|Any CPU = Release|Any CPU
	EndGlobalSection
	GlobalSection(ProjectConfigurationPlatforms) = postSolution
		{38E96578-2375-48CE-B88C-CF7B88FD07CD}.Debug|Any CPU.ActiveCfg = Debug|Any CPU
		{38E96578-2375-48CE-B88C-CF7B88FD07CD}.Debug|Any CPU.Build.0 = Debug|Any CPU
		{38E96578-2375-48CE-B88C-CF7B88FD07CD}.Release|Any CPU.ActiveCfg = Release|Any CPU
		{38E96578-2375-48CE-B88C-CF7B88FD07CD}.Release|Any CPU.Build.0 = Release|Any CPU
	EndGlobalSection
	GlobalSection(SolutionProperties) = preSolution
		HideSolutionNode = FALSE
	EndGlobalSection
	GlobalSection(ExtensibilityGlobals) = postSolution
		SolutionGuid = {F1380B9F-4F9B-47EF-BEA0-4D8F2E5D7337}
	EndGlobalSection
EndGlobal
